
Microsoft Visual Studio Solution File, Format Version 12.00
# Visual Studio 2015
Project("{FAE04EC0-301F-11D3-BF4B-00C04F79EFBC}") = "Sound_Music_Tutorial.Plugins", "Sound_Music_Tutorial.Plugins.csproj", "{83A9332B-2317-8703-1313-90A4E3B1622B}"
EndProject
Project("{FAE04EC0-301F-11D3-BF4B-00C04F79EFBC}") = "Sound_Music_Tutorial", "Sound_Music_Tutorial.csproj", "{8B0E01C4-1D22-3D5B-4C62-9F590F9A3AC0}"
EndProject
Project("{FAE04EC0-301F-11D3-BF4B-00C04F79EFBC}") = "Sound_Music_Tutorial.Editor.Plugins", "Sound_Music_Tutorial.Editor.Plugins.csproj", "{71F02EC4-B78B-17DA-5BF3-1B412C006E12}"
EndProject
Global
	GlobalSection(SolutionConfigurationPlatforms) = preSolution
		Debug|Any CPU = Debug|Any CPU
		Release|Any CPU = Release|Any CPU
	EndGlobalSection
	GlobalSection(ProjectConfigurationPlatforms) = postSolution
		{83A9332B-2317-8703-1313-90A4E3B1622B}.Debug|Any CPU.ActiveCfg = Debug|Any CPU
		{83A9332B-2317-8703-1313-90A4E3B1622B}.Debug|Any CPU.Build.0 = Debug|Any CPU
		{83A9332B-2317-8703-1313-90A4E3B1622B}.Release|Any CPU.ActiveCfg = Release|Any CPU
		{83A9332B-2317-8703-1313-90A4E3B1622B}.Release|Any CPU.Build.0 = Release|Any CPU
		{8B0E01C4-1D22-3D5B-4C62-9F590F9A3AC0}.Debug|Any CPU.ActiveCfg = Debug|Any CPU
		{8B0E01C4-1D22-3D5B-4C62-9F590F9A3AC0}.Debug|Any CPU.Build.0 = Debug|Any CPU
		{8B0E01C4-1D22-3D5B-4C62-9F590F9A3AC0}.Release|Any CPU.ActiveCfg = Release|Any CPU
		{8B0E01C4-1D22-3D5B-4C62-9F590F9A3AC0}.Release|Any CPU.Build.0 = Release|Any CPU
		{71F02EC4-B78B-17DA-5BF3-1B412C006E12}.Debug|Any CPU.ActiveCfg = Debug|Any CPU
		{71F02EC4-B78B-17DA-5BF3-1B412C006E12}.Debug|Any CPU.Build.0 = Debug|Any CPU
		{71F02EC4-B78B-17DA-5BF3-1B412C006E12}.Release|Any CPU.ActiveCfg = Release|Any CPU
		{71F02EC4-B78B-17DA-5BF3-1B412C006E12}.Release|Any CPU.Build.0 = Release|Any CPU
	EndGlobalSection
	GlobalSection(SolutionProperties) = preSolution
		HideSolutionNode = FALSE
	EndGlobalSection
EndGlobal
